
Microsoft Visual Studio Solution File, Format Version 12.00
# Visual Studio Version 16
VisualStudioVersion = 16.0.31019.35
MinimumVisualStudioVersion = 10.0.40219.1
Project("{FAE04EC0-301F-11D3-BF4B-00C04F79EFBC}") = "Assignment1MVCWithDB", "Assignment1MVCWithDB.csproj", "{850E3854-13F9-4E6D-BFBC-C99A6A8EF60B}"
EndProject
Global
	GlobalSection(SolutionConfigurationPlatforms) = preSolution
		Debug|Any CPU = Debug|Any CPU
		Release|Any CPU = Release|Any CPU
	EndGlobalSection
	GlobalSection(ProjectConfigurationPlatforms) = postSolution
		{850E3854-13F9-4E6D-BFBC-C99A6A8EF60B}.Debug|Any CPU.ActiveCfg = Debug|Any CPU
		{850E3854-13F9-4E6D-BFBC-C99A6A8EF60B}.Debug|Any CPU.Build.0 = Debug|Any CPU
		{850E3854-13F9-4E6D-BFBC-C99A6A8EF60B}.Release|Any CPU.ActiveCfg = Release|Any CPU
		{850E3854-13F9-4E6D-BFBC-C99A6A8EF60B}.Release|Any CPU.Build.0 = Release|Any CPU
	EndGlobalSection
	GlobalSection(SolutionProperties) = preSolution
		HideSolutionNode = FALSE
	EndGlobalSection
	GlobalSection(ExtensibilityGlobals) = postSolution
		SolutionGuid = {E8051FF7-717D-4E47-B83F-D6B409A9A84D}
	EndGlobalSection
EndGlobal
